
Microsoft Visual Studio Solution File, Format Version 12.00
# Visual Studio Version 17
VisualStudioVersion = 17.3.32929.385
MinimumVisualStudioVersion = 10.0.40219.1
Project("{FAE04EC0-301F-11D3-BF4B-00C04F79EFBC}") = "hometask-13", "hometask-13.csproj", "{43D0CCD9-3918-484D-B6E3-5699D2131A15}"
EndProject
Global
	GlobalSection(SolutionConfigurationPlatforms) = preSolution
		Debug|Any CPU = Debug|Any CPU
		Release|Any CPU = Release|Any CPU
	EndGlobalSection
	GlobalSection(ProjectConfigurationPlatforms) = postSolution
		{43D0CCD9-3918-484D-B6E3-5699D2131A15}.Debug|Any CPU.ActiveCfg = Debug|Any CPU
		{43D0CCD9-3918-484D-B6E3-5699D2131A15}.Debug|Any CPU.Build.0 = Debug|Any CPU
		{43D0CCD9-3918-484D-B6E3-5699D2131A15}.Release|Any CPU.ActiveCfg = Release|Any CPU
		{43D0CCD9-3918-484D-B6E3-5699D2131A15}.Release|Any CPU.Build.0 = Release|Any CPU
	EndGlobalSection
	GlobalSection(SolutionProperties) = preSolution
		HideSolutionNode = FALSE
	EndGlobalSection
	GlobalSection(ExtensibilityGlobals) = postSolution
		SolutionGuid = {6306CD98-0F22-4604-9F30-750E64B13ECA}
	EndGlobalSection
EndGlobal
